
Microsoft Visual Studio Solution File, Format Version 12.00
# Visual Studio 14
VisualStudioVersion = 14.0.24720.0
MinimumVisualStudioVersion = 10.0.40219.1
Project("{FAE04EC0-301F-11D3-BF4B-00C04F79EFBC}") = "LuckyWinner.Droid", "LuckyWinner\LuckyWinner.Droid\LuckyWinner.Droid.csproj", "{80F544F1-1404-4C0A-9B32-CFAED8589F6A}"
EndProject
Project("{FAE04EC0-301F-11D3-BF4B-00C04F79EFBC}") = "LuckyWinner.iOS", "LuckyWinner\LuckyWinner.iOS\LuckyWinner.iOS.csproj", "{F921A06E-5E29-4963-AAF3-D93BDE5728C7}"
EndProject
Project("{FAE04EC0-301F-11D3-BF4B-00C04F79EFBC}") = "LuckyWinner.WinPhone", "LuckyWinner\LuckyWinner.WinPhone\LuckyWinner.WinPhone.csproj", "{DED21151-5845-4678-AB75-46925F578965}"
EndProject
Project("{FAE04EC0-301F-11D3-BF4B-00C04F79EFBC}") = "LuckyWinner.UWP", "LuckyWinner\LuckyWinner.UWP\LuckyWinner.UWP.csproj", "{DCEC710D-A251-45F8-925B-6484D577577A}"
EndProject
Project("{FAE04EC0-301F-11D3-BF4B-00C04F79EFBC}") = "LuckyWinner.Windows", "LuckyWinner\LuckyWinner.Windows\LuckyWinner.Windows.csproj", "{F3565F15-3CE1-486A-914D-4AD65C1B8FA0}"
EndProject
Project("{FAE04EC0-301F-11D3-BF4B-00C04F79EFBC}") = "LuckyWinner", "LuckyWinner\LuckyWinner\LuckyWinner.csproj", "{386220E3-C8DA-4A11-9B71-C3C15C92BB76}"
EndProject
Project("{2150E333-8FDC-42A3-9474-1A3956D46DE8}") = "Solution files", "Solution files", "{1DEA315E-92DC-4159-B811-F6FEB91AD205}"
	ProjectSection(SolutionItems) = preProject
		Solution files\GettingStarted.Xamarin = Solution files\GettingStarted.Xamarin
		InitialData.json = InitialData.json
	EndProjectSection
EndProject
Global
	GlobalSection(SolutionConfigurationPlatforms) = preSolution
		Ad-Hoc|Any CPU = Ad-Hoc|Any CPU
		Ad-Hoc|ARM = Ad-Hoc|ARM
		Ad-Hoc|iPhone = Ad-Hoc|iPhone
		Ad-Hoc|iPhoneSimulator = Ad-Hoc|iPhoneSimulator
		Ad-Hoc|x64 = Ad-Hoc|x64
		Ad-Hoc|x86 = Ad-Hoc|x86
		AppStore|Any CPU = AppStore|Any CPU
		AppStore|ARM = AppStore|ARM
		AppStore|iPhone = AppStore|iPhone
		AppStore|iPhoneSimulator = AppStore|iPhoneSimulator
		AppStore|x64 = AppStore|x64
		AppStore|x86 = AppStore|x86
		Debug|Any CPU = Debug|Any CPU
		Debug|ARM = Debug|ARM
		Debug|iPhone = Debug|iPhone
		Debug|iPhoneSimulator = Debug|iPhoneSimulator
		Debug|x64 = Debug|x64
		Debug|x86 = Debug|x86
		Release|Any CPU = Release|Any CPU
		Release|ARM = Release|ARM
		Release|iPhone = Release|iPhone
		Release|iPhoneSimulator = Release|iPhoneSimulator
		Release|x64 = Release|x64
		Release|x86 = Release|x86
	EndGlobalSection
	GlobalSection(ProjectConfigurationPlatforms) = postSolution
		{80F544F1-1404-4C0A-9B32-CFAED8589F6A}.Ad-Hoc|Any CPU.ActiveCfg = Release|Any CPU
		{80F544F1-1404-4C0A-9B32-CFAED8589F6A}.Ad-Hoc|Any CPU.Build.0 = Release|Any CPU
		{80F544F1-1404-4C0A-9B32-CFAED8589F6A}.Ad-Hoc|Any CPU.Deploy.0 = Release|Any CPU
		{80F544F1-1404-4C0A-9B32-CFAED8589F6A}.Ad-Hoc|ARM.ActiveCfg = Release|Any CPU
		{80F544F1-1404-4C0A-9B32-CFAED8589F6A}.Ad-Hoc|ARM.Build.0 = Release|Any CPU
		{80F544F1-1404-4C0A-9B32-CFAED8589F6A}.Ad-Hoc|ARM.Deploy.0 = Release|Any CPU
		{80F544F1-1404-4C0A-9B32-CFAED8589F6A}.Ad-Hoc|iPhone.ActiveCfg = Release|Any CPU
		{80F544F1-1404-4C0A-9B32-CFAED8589F6A}.Ad-Hoc|iPhone.Build.0 = Release|Any CPU
		{80F544F1-1404-4C0A-9B32-CFAED8589F6A}.Ad-Hoc|iPhone.Deploy.0 = Release|Any CPU
		{80F544F1-1404-4C0A-9B32-CFAED8589F6A}.Ad-Hoc|iPhoneSimulator.ActiveCfg = Release|Any CPU
		{80F544F1-1404-4C0A-9B32-CFAED8589F6A}.Ad-Hoc|iPhoneSimulator.Build.0 = Release|Any CPU
		{80F544F1-1404-4C0A-9B32-CFAED8589F6A}.Ad-Hoc|iPhoneSimulator.Deploy.0 = Release|Any CPU
		{80F544F1-1404-4C0A-9B32-CFAED8589F6A}.Ad-Hoc|x64.ActiveCfg = Release|Any CPU
		{80F544F1-1404-4C0A-9B32-CFAED8589F6A}.Ad-Hoc|x64.Build.0 = Release|Any CPU
		{80F544F1-1404-4C0A-9B32-CFAED8589F6A}.Ad-Hoc|x64.Deploy.0 = Release|Any CPU
		{80F544F1-1404-4C0A-9B32-CFAED8589F6A}.Ad-Hoc|x86.ActiveCfg = Release|Any CPU
		{80F544F1-1404-4C0A-9B32-CFAED8589F6A}.Ad-Hoc|x86.Build.0 = Release|Any CPU
		{80F544F1-1404-4C0A-9B32-CFAED8589F6A}.Ad-Hoc|x86.Deploy.0 = Release|Any CPU
		{80F544F1-1404-4C0A-9B32-CFAED8589F6A}.AppStore|Any CPU.ActiveCfg = Release|Any CPU
		{80F544F1-1404-4C0A-9B32-CFAED8589F6A}.AppStore|Any CPU.Build.0 = Release|Any CPU
		{80F544F1-1404-4C0A-9B32-CFAED8589F6A}.AppStore|Any CPU.Deploy.0 = Release|Any CPU
		{80F544F1-1404-4C0A-9B32-CFAED8589F6A}.AppStore|ARM.ActiveCfg = Release|Any CPU
		{80F544F1-1404-4C0A-9B32-CFAED8589F6A}.AppStore|ARM.Build.0 = Release|Any CPU
		{80F544F1-1404-4C0A-9B32-CFAED8589F6A}.AppStore|ARM.Deploy.0 = Release|Any CPU
		{80F544F1-1404-4C0A-9B32-CFAED8589F6A}.AppStore|iPhone.ActiveCfg = Release|Any CPU
		{80F544F1-1404-4C0A-9B32-CFAED8589F6A}.AppStore|iPhone.Build.0 = Release|Any CPU
		{80F544F1-1404-4C0A-9B32-CFAED8589F6A}.AppStore|iPhone.Deploy.0 = Release|Any CPU
		{80F544F1-1404-4C0A-9B32-CFAED8589F6A}.AppStore|iPhoneSimulator.ActiveCfg = Release|Any CPU
		{80F544F1-1404-4C0A-9B32-CFAED8589F6A}.AppStore|iPhoneSimulator.Build.0 = Release|Any CPU
		{80F544F1-1404-4C0A-9B32-CFAED8589F6A}.AppStore|iPhoneSimulator.Deploy.0 = Release|Any CPU
		{80F544F1-1404-4C0A-9B32-CFAED8589F6A}.AppStore|x64.ActiveCfg = Release|Any CPU
		{80F544F1-1404-4C0A-9B32-CFAED8589F6A}.AppStore|x64.Build.0 = Release|Any CPU
		{80F544F1-1404-4C0A-9B32-CFAED8589F6A}.AppStore|x64.Deploy.0 = Release|Any CPU
		{80F544F1-1404-4C0A-9B32-CFAED8589F6A}.AppStore|x86.ActiveCfg = Release|Any CPU
		{80F544F1-1404-4C0A-9B32-CFAED8589F6A}.AppStore|x86.Build.0 = Release|Any CPU
		{80F544F1-1404-4C0A-9B32-CFAED8589F6A}.AppStore|x86.Deploy.0 = Release|Any CPU
		{80F544F1-1404-4C0A-9B32-CFAED8589F6A}.Debug|Any CPU.ActiveCfg = Debug|Any CPU
		{80F544F1-1404-4C0A-9B32-CFAED8589F6A}.Debug|Any CPU.Build.0 = Debug|Any CPU
		{80F544F1-1404-4C0A-9B32-CFAED8589F6A}.Debug|Any CPU.Deploy.0 = Debug|Any CPU
		{80F544F1-1404-4C0A-9B32-CFAED8589F6A}.Debug|ARM.ActiveCfg = Debug|Any CPU
		{80F544F1-1404-4C0A-9B32-CFAED8589F6A}.Debug|ARM.Build.0 = Debug|Any CPU
		{80F544F1-1404-4C0A-9B32-CFAED8589F6A}.Debug|ARM.Deploy.0 = Debug|Any CPU
		{80F544F1-1404-4C0A-9B32-CFAED8589F6A}.Debug|iPhone.ActiveCfg = Debug|Any CPU
		{80F544F1-1404-4C0A-9B32-CFAED8589F6A}.Debug|iPhone.Build.0 = Debug|Any CPU
		{80F544F1-1404-4C0A-9B32-CFAED8589F6A}.Debug|iPhone.Deploy.0 = Debug|Any CPU
		{80F544F1-1404-4C0A-9B32-CFAED8589F6A}.Debug|iPhoneSimulator.ActiveCfg = Debug|Any CPU
		{80F544F1-1404-4C0A-9B32-CFAED8589F6A}.Debug|iPhoneSimulator.Build.0 = Debug|Any CPU
		{80F544F1-1404-4C0A-9B32-CFAED8589F6A}.Debug|iPhoneSimulator.Deploy.0 = Debug|Any CPU
		{80F544F1-1404-4C0A-9B32-CFAED8589F6A}.Debug|x64.ActiveCfg = Debug|Any CPU
		{80F544F1-1404-4C0A-9B32-CFAED8589F6A}.Debug|x64.Build.0 = Debug|Any CPU
		{80F544F1-1404-4C0A-9B32-CFAED8589F6A}.Debug|x64.Deploy.0 = Debug|Any CPU
		{80F544F1-1404-4C0A-9B32-CFAED8589F6A}.Debug|x86.ActiveCfg = Debug|Any CPU
		{80F544F1-1404-4C0A-9B32-CFAED8589F6A}.Debug|x86.Build.0 = Debug|Any CPU
		{80F544F1-1404-4C0A-9B32-CFAED8589F6A}.Debug|x86.Deploy.0 = Debug|Any CPU
		{80F544F1-1404-4C0A-9B32-CFAED8589F6A}.Release|Any CPU.ActiveCfg = Release|Any CPU
		{80F544F1-1404-4C0A-9B32-CFAED8589F6A}.Release|Any CPU.Build.0 = Release|Any CPU
		{80F544F1-1404-4C0A-9B32-CFAED8589F6A}.Release|Any CPU.Deploy.0 = Release|Any CPU
		{80F544F1-1404-4C0A-9B32-CFAED8589F6A}.Release|ARM.ActiveCfg = Release|Any CPU
		{80F544F1-1404-4C0A-9B32-CFAED8589F6A}.Release|ARM.Build.0 = Release|Any CPU
		{80F544F1-1404-4C0A-9B32-CFAED8589F6A}.Release|ARM.Deploy.0 = Release|Any CPU
		{80F544F1-1404-4C0A-9B32-CFAED8589F6A}.Release|iPhone.ActiveCfg = Release|Any CPU
		{80F544F1-1404-4C0A-9B32-CFAED8589F6A}.Release|iPhone.Build.0 = Release|Any CPU
		{80F544F1-1404-4C0A-9B32-CFAED8589F6A}.Release|iPhone.Deploy.0 = Release|Any CPU
		{80F544F1-1404-4C0A-9B32-CFAED8589F6A}.Release|iPhoneSimulator.ActiveCfg = Release|Any CPU
		{80F544F1-1404-4C0A-9B32-CFAED8589F6A}.Release|iPhoneSimulator.Build.0 = Release|Any CPU
		{80F544F1-1404-4C0A-9B32-CFAED8589F6A}.Release|iPhoneSimulator.Deploy.0 = Release|Any CPU
		{80F544F1-1404-4C0A-9B32-CFAED8589F6A}.Release|x64.ActiveCfg = Release|Any CPU
		{80F544F1-1404-4C0A-9B32-CFAED8589F6A}.Release|x64.Build.0 = Release|Any CPU
		{80F544F1-1404-4C0A-9B32-CFAED8589F6A}.Release|x64.Deploy.0 = Release|Any CPU
		{80F544F1-1404-4C0A-9B32-CFAED8589F6A}.Release|x86.ActiveCfg = Release|Any CPU
		{80F544F1-1404-4C0A-9B32-CFAED8589F6A}.Release|x86.Build.0 = Release|Any CPU
		{80F544F1-1404-4C0A-9B32-CFAED8589F6A}.Release|x86.Deploy.0 = Release|Any CPU
		{F921A06E-5E29-4963-AAF3-D93BDE5728C7}.Ad-Hoc|Any CPU.ActiveCfg = Ad-Hoc|iPhone
		{F921A06E-5E29-4963-AAF3-D93BDE5728C7}.Ad-Hoc|ARM.ActiveCfg = Ad-Hoc|iPhone
		{F921A06E-5E29-4963-AAF3-D93BDE5728C7}.Ad-Hoc|iPhone.ActiveCfg = Ad-Hoc|iPhone
		{F921A06E-5E29-4963-AAF3-D93BDE5728C7}.Ad-Hoc|iPhone.Build.0 = Ad-Hoc|iPhone
		{F921A06E-5E29-4963-AAF3-D93BDE5728C7}.Ad-Hoc|iPhoneSimulator.ActiveCfg = Ad-Hoc|iPhoneSimulator
		{F921A06E-5E29-4963-AAF3-D93BDE5728C7}.Ad-Hoc|iPhoneSimulator.Build.0 = Ad-Hoc|iPhoneSimulator
		{F921A06E-5E29-4963-AAF3-D93BDE5728C7}.Ad-Hoc|x64.ActiveCfg = Ad-Hoc|iPhone
		{F921A06E-5E29-4963-AAF3-D93BDE5728C7}.Ad-Hoc|x86.ActiveCfg = Ad-Hoc|iPhone
		{F921A06E-5E29-4963-AAF3-D93BDE5728C7}.AppStore|Any CPU.ActiveCfg = AppStore|iPhone
		{F921A06E-5E29-4963-AAF3-D93BDE5728C7}.AppStore|ARM.ActiveCfg = AppStore|iPhone
		{F921A06E-5E29-4963-AAF3-D93BDE5728C7}.AppStore|iPhone.ActiveCfg = AppStore|iPhone
		{F921A06E-5E29-4963-AAF3-D93BDE5728C7}.AppStore|iPhone.Build.0 = AppStore|iPhone
		{F921A06E-5E29-4963-AAF3-D93BDE5728C7}.AppStore|iPhoneSimulator.ActiveCfg = AppStore|iPhoneSimulator
		{F921A06E-5E29-4963-AAF3-D93BDE5728C7}.AppStore|iPhoneSimulator.Build.0 = AppStore|iPhoneSimulator
		{F921A06E-5E29-4963-AAF3-D93BDE5728C7}.AppStore|x64.ActiveCfg = AppStore|iPhone
		{F921A06E-5E29-4963-AAF3-D93BDE5728C7}.AppStore|x86.ActiveCfg = AppStore|iPhone
		{F921A06E-5E29-4963-AAF3-D93BDE5728C7}.Debug|Any CPU.ActiveCfg = Debug|iPhone
		{F921A06E-5E29-4963-AAF3-D93BDE5728C7}.Debug|ARM.ActiveCfg = Debug|iPhone
		{F921A06E-5E29-4963-AAF3-D93BDE5728C7}.Debug|iPhone.ActiveCfg = Debug|iPhone
		{F921A06E-5E29-4963-AAF3-D93BDE5728C7}.Debug|iPhone.Build.0 = Debug|iPhone
		{F921A06E-5E29-4963-AAF3-D93BDE5728C7}.Debug|iPhoneSimulator.ActiveCfg = Debug|iPhoneSimulator
		{F921A06E-5E29-4963-AAF3-D93BDE5728C7}.Debug|iPhoneSimulator.Build.0 = Debug|iPhoneSimulator
		{F921A06E-5E29-4963-AAF3-D93BDE5728C7}.Debug|x64.ActiveCfg = Debug|iPhone
		{F921A06E-5E29-4963-AAF3-D93BDE5728C7}.Debug|x86.ActiveCfg = Debug|iPhone
		{F921A06E-5E29-4963-AAF3-D93BDE5728C7}.Release|Any CPU.ActiveCfg = Release|iPhone
		{F921A06E-5E29-4963-AAF3-D93BDE5728C7}.Release|ARM.ActiveCfg = Release|iPhone
		{F921A06E-5E29-4963-AAF3-D93BDE5728C7}.Release|iPhone.ActiveCfg = Release|iPhone
		{F921A06E-5E29-4963-AAF3-D93BDE5728C7}.Release|iPhone.Build.0 = Release|iPhone
		{F921A06E-5E29-4963-AAF3-D93BDE5728C7}.Release|iPhoneSimulator.ActiveCfg = Release|iPhoneSimulator
		{F921A06E-5E29-4963-AAF3-D93BDE5728C7}.Release|iPhoneSimulator.Build.0 = Release|iPhoneSimulator
		{F921A06E-5E29-4963-AAF3-D93BDE5728C7}.Release|x64.ActiveCfg = Release|iPhone
		{F921A06E-5E29-4963-AAF3-D93BDE5728C7}.Release|x86.ActiveCfg = Release|iPhone
		{DED21151-5845-4678-AB75-46925F578965}.Ad-Hoc|Any CPU.ActiveCfg = Release|Any CPU
		{DED21151-5845-4678-AB75-46925F578965}.Ad-Hoc|Any CPU.Build.0 = Release|Any CPU
		{DED21151-5845-4678-AB75-46925F578965}.Ad-Hoc|Any CPU.Deploy.0 = Release|Any CPU
		{DED21151-5845-4678-AB75-46925F578965}.Ad-Hoc|ARM.ActiveCfg = Release|ARM
		{DED21151-5845-4678-AB75-46925F578965}.Ad-Hoc|ARM.Build.0 = Release|ARM
		{DED21151-5845-4678-AB75-46925F578965}.Ad-Hoc|ARM.Deploy.0 = Release|ARM
		{DED21151-5845-4678-AB75-46925F578965}.Ad-Hoc|iPhone.ActiveCfg = Release|Any CPU
		{DED21151-5845-4678-AB75-46925F578965}.Ad-Hoc|iPhone.Build.0 = Release|Any CPU
		{DED21151-5845-4678-AB75-46925F578965}.Ad-Hoc|iPhone.Deploy.0 = Release|Any CPU
		{DED21151-5845-4678-AB75-46925F578965}.Ad-Hoc|iPhoneSimulator.ActiveCfg = Release|Any CPU
		{DED21151-5845-4678-AB75-46925F578965}.Ad-Hoc|iPhoneSimulator.Build.0 = Release|Any CPU
		{DED21151-5845-4678-AB75-46925F578965}.Ad-Hoc|iPhoneSimulator.Deploy.0 = Release|Any CPU
		{DED21151-5845-4678-AB75-46925F578965}.Ad-Hoc|x64.ActiveCfg = Release|Any CPU
		{DED21151-5845-4678-AB75-46925F578965}.Ad-Hoc|x64.Build.0 = Release|Any CPU
		{DED21151-5845-4678-AB75-46925F578965}.Ad-Hoc|x64.Deploy.0 = Release|Any CPU
		{DED21151-5845-4678-AB75-46925F578965}.Ad-Hoc|x86.ActiveCfg = Release|x86
		{DED21151-5845-4678-AB75-46925F578965}.Ad-Hoc|x86.Build.0 = Release|x86
		{DED21151-5845-4678-AB75-46925F578965}.Ad-Hoc|x86.Deploy.0 = Release|x86
		{DED21151-5845-4678-AB75-46925F578965}.AppStore|Any CPU.ActiveCfg = Release|Any CPU
		{DED21151-5845-4678-AB75-46925F578965}.AppStore|Any CPU.Build.0 = Release|Any CPU
		{DED21151-5845-4678-AB75-46925F578965}.AppStore|Any CPU.Deploy.0 = Release|Any CPU
		{DED21151-5845-4678-AB75-46925F578965}.AppStore|ARM.ActiveCfg = Release|ARM
		{DED21151-5845-4678-AB75-46925F578965}.AppStore|ARM.Build.0 = Release|ARM
		{DED21151-5845-4678-AB75-46925F578965}.AppStore|ARM.Deploy.0 = Release|ARM
		{DED21151-5845-4678-AB75-46925F578965}.AppStore|iPhone.ActiveCfg = Release|Any CPU
		{DED21151-5845-4678-AB75-46925F578965}.AppStore|iPhone.Build.0 = Release|Any CPU
		{DED21151-5845-4678-AB75-46925F578965}.AppStore|iPhone.Deploy.0 = Release|Any CPU
		{DED21151-5845-4678-AB75-46925F578965}.AppStore|iPhoneSimulator.ActiveCfg = Release|Any CPU
		{DED21151-5845-4678-AB75-46925F578965}.AppStore|iPhoneSimulator.Build.0 = Release|Any CPU
		{DED21151-5845-4678-AB75-46925F578965}.AppStore|iPhoneSimulator.Deploy.0 = Release|Any CPU
		{DED21151-5845-4678-AB75-46925F578965}.AppStore|x64.ActiveCfg = Release|Any CPU
		{DED21151-5845-4678-AB75-46925F578965}.AppStore|x64.Build.0 = Release|Any CPU
		{DED21151-5845-4678-AB75-46925F578965}.AppStore|x64.Deploy.0 = Release|Any CPU
		{DED21151-5845-4678-AB75-46925F578965}.AppStore|x86.ActiveCfg = Release|x86
		{DED21151-5845-4678-AB75-46925F578965}.AppStore|x86.Build.0 = Release|x86
		{DED21151-5845-4678-AB75-46925F578965}.AppStore|x86.Deploy.0 = Release|x86
		{DED21151-5845-4678-AB75-46925F578965}.Debug|Any CPU.ActiveCfg = Debug|Any CPU
		{DED21151-5845-4678-AB75-46925F578965}.Debug|Any CPU.Build.0 = Debug|Any CPU
		{DED21151-5845-4678-AB75-46925F578965}.Debug|Any CPU.Deploy.0 = Debug|Any CPU
		{DED21151-5845-4678-AB75-46925F578965}.Debug|ARM.ActiveCfg = Debug|ARM
		{DED21151-5845-4678-AB75-46925F578965}.Debug|ARM.Build.0 = Debug|ARM
		{DED21151-5845-4678-AB75-46925F578965}.Debug|ARM.Deploy.0 = Debug|ARM
		{DED21151-5845-4678-AB75-46925F578965}.Debug|iPhone.ActiveCfg = Debug|Any CPU
		{DED21151-5845-4678-AB75-46925F578965}.Debug|iPhone.Build.0 = Debug|Any CPU
		{DED21151-5845-4678-AB75-46925F578965}.Debug|iPhone.Deploy.0 = Debug|Any CPU
		{DED21151-5845-4678-AB75-46925F578965}.Debug|iPhoneSimulator.ActiveCfg = Debug|Any CPU
		{DED21151-5845-4678-AB75-46925F578965}.Debug|iPhoneSimulator.Build.0 = Debug|Any CPU
		{DED21151-5845-4678-AB75-46925F578965}.Debug|iPhoneSimulator.Deploy.0 = Debug|Any CPU
		{DED21151-5845-4678-AB75-46925F578965}.Debug|x64.ActiveCfg = Debug|Any CPU
		{DED21151-5845-4678-AB75-46925F578965}.Debug|x64.Build.0 = Debug|Any CPU
		{DED21151-5845-4678-AB75-46925F578965}.Debug|x64.Deploy.0 = Debug|Any CPU
		{DED21151-5845-4678-AB75-46925F578965}.Debug|x86.ActiveCfg = Debug|x86
		{DED21151-5845-4678-AB75-46925F578965}.Debug|x86.Build.0 = Debug|x86
		{DED21151-5845-4678-AB75-46925F578965}.Debug|x86.Deploy.0 = Debug|x86
		{DED21151-5845-4678-AB75-46925F578965}.Release|Any CPU.ActiveCfg = Release|Any CPU
		{DED21151-5845-4678-AB75-46925F578965}.Release|Any CPU.Build.0 = Release|Any CPU
		{DED21151-5845-4678-AB75-46925F578965}.Release|Any CPU.Deploy.0 = Release|Any CPU
		{DED21151-5845-4678-AB75-46925F578965}.Release|ARM.ActiveCfg = Release|ARM
		{DED21151-5845-4678-AB75-46925F578965}.Release|ARM.Build.0 = Release|ARM
		{DED21151-5845-4678-AB75-46925F578965}.Release|ARM.Deploy.0 = Release|ARM
		{DED21151-5845-4678-AB75-46925F578965}.Release|iPhone.ActiveCfg = Release|Any CPU
		{DED21151-5845-4678-AB75-46925F578965}.Release|iPhone.Build.0 = Release|Any CPU
		{DED21151-5845-4678-AB75-46925F578965}.Release|iPhone.Deploy.0 = Release|Any CPU
		{DED21151-5845-4678-AB75-46925F578965}.Release|iPhoneSimulator.ActiveCfg = Release|Any CPU
		{DED21151-5845-4678-AB75-46925F578965}.Release|iPhoneSimulator.Build.0 = Release|Any CPU
		{DED21151-5845-4678-AB75-46925F578965}.Release|iPhoneSimulator.Deploy.0 = Release|Any CPU
		{DED21151-5845-4678-AB75-46925F578965}.Release|x64.ActiveCfg = Release|Any CPU
		{DED21151-5845-4678-AB75-46925F578965}.Release|x64.Build.0 = Release|Any CPU
		{DED21151-5845-4678-AB75-46925F578965}.Release|x64.Deploy.0 = Release|Any CPU
		{DED21151-5845-4678-AB75-46925F578965}.Release|x86.ActiveCfg = Release|x86
		{DED21151-5845-4678-AB75-46925F578965}.Release|x86.Build.0 = Release|x86
		{DED21151-5845-4678-AB75-46925F578965}.Release|x86.Deploy.0 = Release|x86
		{DCEC710D-A251-45F8-925B-6484D577577A}.Ad-Hoc|Any CPU.ActiveCfg = Release|x86
		{DCEC710D-A251-45F8-925B-6484D577577A}.Ad-Hoc|Any CPU.Build.0 = Release|x86
		{DCEC710D-A251-45F8-925B-6484D577577A}.Ad-Hoc|Any CPU.Deploy.0 = Release|x86
		{DCEC710D-A251-45F8-925B-6484D577577A}.Ad-Hoc|ARM.ActiveCfg = Release|ARM
		{DCEC710D-A251-45F8-925B-6484D577577A}.Ad-Hoc|ARM.Build.0 = Release|ARM
		{DCEC710D-A251-45F8-925B-6484D577577A}.Ad-Hoc|ARM.Deploy.0 = Release|ARM
		{DCEC710D-A251-45F8-925B-6484D577577A}.Ad-Hoc|iPhone.ActiveCfg = Release|x86
		{DCEC710D-A251-45F8-925B-6484D577577A}.Ad-Hoc|iPhone.Build.0 = Release|x86
		{DCEC710D-A251-45F8-925B-6484D577577A}.Ad-Hoc|iPhone.Deploy.0 = Release|x86
		{DCEC710D-A251-45F8-925B-6484D577577A}.Ad-Hoc|iPhoneSimulator.ActiveCfg = Release|x86
		{DCEC710D-A251-45F8-925B-6484D577577A}.Ad-Hoc|iPhoneSimulator.Build.0 = Release|x86
		{DCEC710D-A251-45F8-925B-6484D577577A}.Ad-Hoc|iPhoneSimulator.Deploy.0 = Release|x86
		{DCEC710D-A251-45F8-925B-6484D577577A}.Ad-Hoc|x64.ActiveCfg = Release|x64
		{DCEC710D-A251-45F8-925B-6484D577577A}.Ad-Hoc|x64.Build.0 = Release|x64
		{DCEC710D-A251-45F8-925B-6484D577577A}.Ad-Hoc|x64.Deploy.0 = Release|x64
		{DCEC710D-A251-45F8-925B-6484D577577A}.Ad-Hoc|x86.ActiveCfg = Release|x86
		{DCEC710D-A251-45F8-925B-6484D577577A}.Ad-Hoc|x86.Build.0 = Release|x86
		{DCEC710D-A251-45F8-925B-6484D577577A}.Ad-Hoc|x86.Deploy.0 = Release|x86
		{DCEC710D-A251-45F8-925B-6484D577577A}.AppStore|Any CPU.ActiveCfg = Release|x86
		{DCEC710D-A251-45F8-925B-6484D577577A}.AppStore|Any CPU.Build.0 = Release|x86
		{DCEC710D-A251-45F8-925B-6484D577577A}.AppStore|Any CPU.Deploy.0 = Release|x86
		{DCEC710D-A251-45F8-925B-6484D577577A}.AppStore|ARM.ActiveCfg = Release|ARM
		{DCEC710D-A251-45F8-925B-6484D577577A}.AppStore|ARM.Build.0 = Release|ARM
		{DCEC710D-A251-45F8-925B-6484D577577A}.AppStore|ARM.Deploy.0 = Release|ARM
		{DCEC710D-A251-45F8-925B-6484D577577A}.AppStore|iPhone.ActiveCfg = Release|x86
		{DCEC710D-A251-45F8-925B-6484D577577A}.AppStore|iPhone.Build.0 = Release|x86
		{DCEC710D-A251-45F8-925B-6484D577577A}.AppStore|iPhone.Deploy.0 = Release|x86
		{DCEC710D-A251-45F8-925B-6484D577577A}.AppStore|iPhoneSimulator.ActiveCfg = Release|x86
		{DCEC710D-A251-45F8-925B-6484D577577A}.AppStore|iPhoneSimulator.Build.0 = Release|x86
		{DCEC710D-A251-45F8-925B-6484D577577A}.AppStore|iPhoneSimulator.Deploy.0 = Release|x86
		{DCEC710D-A251-45F8-925B-6484D577577A}.AppStore|x64.ActiveCfg = Release|x64
		{DCEC710D-A251-45F8-925B-6484D577577A}.AppStore|x64.Build.0 = Release|x64
		{DCEC710D-A251-45F8-925B-6484D577577A}.AppStore|x64.Deploy.0 = Release|x64
		{DCEC710D-A251-45F8-925B-6484D577577A}.AppStore|x86.ActiveCfg = Release|x86
		{DCEC710D-A251-45F8-925B-6484D577577A}.AppStore|x86.Build.0 = Release|x86
		{DCEC710D-A251-45F8-925B-6484D577577A}.AppStore|x86.Deploy.0 = Release|x86
		{DCEC710D-A251-45F8-925B-6484D577577A}.Debug|Any CPU.ActiveCfg = Debug|x86
		{DCEC710D-A251-45F8-925B-6484D577577A}.Debug|ARM.ActiveCfg = Debug|ARM
		{DCEC710D-A251-45F8-925B-6484D577577A}.Debug|ARM.Build.0 = Debug|ARM
		{DCEC710D-A251-45F8-925B-6484D577577A}.Debug|ARM.Deploy.0 = Debug|ARM
		{DCEC710D-A251-45F8-925B-6484D577577A}.Debug|iPhone.ActiveCfg = Debug|x86
		{DCEC710D-A251-45F8-925B-6484D577577A}.Debug|iPhoneSimulator.ActiveCfg = Debug|x86
		{DCEC710D-A251-45F8-925B-6484D577577A}.Debug|x64.ActiveCfg = Debug|x64
		{DCEC710D-A251-45F8-925B-6484D577577A}.Debug|x64.Build.0 = Debug|x64
		{DCEC710D-A251-45F8-925B-6484D577577A}.Debug|x64.Deploy.0 = Debug|x64
		{DCEC710D-A251-45F8-925B-6484D577577A}.Debug|x86.ActiveCfg = Debug|x86
		{DCEC710D-A251-45F8-925B-6484D577577A}.Debug|x86.Build.0 = Debug|x86
		{DCEC710D-A251-45F8-925B-6484D577577A}.Debug|x86.Deploy.0 = Debug|x86
		{DCEC710D-A251-45F8-925B-6484D577577A}.Release|Any CPU.ActiveCfg = Release|x86
		{DCEC710D-A251-45F8-925B-6484D577577A}.Release|ARM.ActiveCfg = Release|ARM
		{DCEC710D-A251-45F8-925B-6484D577577A}.Release|ARM.Build.0 = Release|ARM
		{DCEC710D-A251-45F8-925B-6484D577577A}.Release|ARM.Deploy.0 = Release|ARM
		{DCEC710D-A251-45F8-925B-6484D577577A}.Release|iPhone.ActiveCfg = Release|x86
		{DCEC710D-A251-45F8-925B-6484D577577A}.Release|iPhoneSimulator.ActiveCfg = Release|x86
		{DCEC710D-A251-45F8-925B-6484D577577A}.Release|x64.ActiveCfg = Release|x64
		{DCEC710D-A251-45F8-925B-6484D577577A}.Release|x64.Build.0 = Release|x64
		{DCEC710D-A251-45F8-925B-6484D577577A}.Release|x64.Deploy.0 = Release|x64
		{DCEC710D-A251-45F8-925B-6484D577577A}.Release|x86.ActiveCfg = Release|x86
		{DCEC710D-A251-45F8-925B-6484D577577A}.Release|x86.Build.0 = Release|x86
		{DCEC710D-A251-45F8-925B-6484D577577A}.Release|x86.Deploy.0 = Release|x86
		{F3565F15-3CE1-486A-914D-4AD65C1B8FA0}.Ad-Hoc|Any CPU.ActiveCfg = Release|Any CPU
		{F3565F15-3CE1-486A-914D-4AD65C1B8FA0}.Ad-Hoc|Any CPU.Build.0 = Release|Any CPU
		{F3565F15-3CE1-486A-914D-4AD65C1B8FA0}.Ad-Hoc|Any CPU.Deploy.0 = Release|Any CPU
		{F3565F15-3CE1-486A-914D-4AD65C1B8FA0}.Ad-Hoc|ARM.ActiveCfg = Release|ARM
		{F3565F15-3CE1-486A-914D-4AD65C1B8FA0}.Ad-Hoc|ARM.Build.0 = Release|ARM
		{F3565F15-3CE1-486A-914D-4AD65C1B8FA0}.Ad-Hoc|ARM.Deploy.0 = Release|ARM
		{F3565F15-3CE1-486A-914D-4AD65C1B8FA0}.Ad-Hoc|iPhone.ActiveCfg = Release|Any CPU
		{F3565F15-3CE1-486A-914D-4AD65C1B8FA0}.Ad-Hoc|iPhone.Build.0 = Release|Any CPU
		{F3565F15-3CE1-486A-914D-4AD65C1B8FA0}.Ad-Hoc|iPhone.Deploy.0 = Release|Any CPU
		{F3565F15-3CE1-486A-914D-4AD65C1B8FA0}.Ad-Hoc|iPhoneSimulator.ActiveCfg = Release|Any CPU
		{F3565F15-3CE1-486A-914D-4AD65C1B8FA0}.Ad-Hoc|iPhoneSimulator.Build.0 = Release|Any CPU
		{F3565F15-3CE1-486A-914D-4AD65C1B8FA0}.Ad-Hoc|iPhoneSimulator.Deploy.0 = Release|Any CPU
		{F3565F15-3CE1-486A-914D-4AD65C1B8FA0}.Ad-Hoc|x64.ActiveCfg = Release|x64
		{F3565F15-3CE1-486A-914D-4AD65C1B8FA0}.Ad-Hoc|x64.Build.0 = Release|x64
		{F3565F15-3CE1-486A-914D-4AD65C1B8FA0}.Ad-Hoc|x64.Deploy.0 = Release|x64
		{F3565F15-3CE1-486A-914D-4AD65C1B8FA0}.Ad-Hoc|x86.ActiveCfg = Release|x86
		{F3565F15-3CE1-486A-914D-4AD65C1B8FA0}.Ad-Hoc|x86.Build.0 = Release|x86
		{F3565F15-3CE1-486A-914D-4AD65C1B8FA0}.Ad-Hoc|x86.Deploy.0 = Release|x86
		{F3565F15-3CE1-486A-914D-4AD65C1B8FA0}.AppStore|Any CPU.ActiveCfg = Release|Any CPU
		{F3565F15-3CE1-486A-914D-4AD65C1B8FA0}.AppStore|Any CPU.Build.0 = Release|Any CPU
		{F3565F15-3CE1-486A-914D-4AD65C1B8FA0}.AppStore|Any CPU.Deploy.0 = Release|Any CPU
		{F3565F15-3CE1-486A-914D-4AD65C1B8FA0}.AppStore|ARM.ActiveCfg = Release|ARM
		{F3565F15-3CE1-486A-914D-4AD65C1B8FA0}.AppStore|ARM.Build.0 = Release|ARM
		{F3565F15-3CE1-486A-914D-4AD65C1B8FA0}.AppStore|ARM.Deploy.0 = Release|ARM
		{F3565F15-3CE1-486A-914D-4AD65C1B8FA0}.AppStore|iPhone.ActiveCfg = Release|Any CPU
		{F3565F15-3CE1-486A-914D-4AD65C1B8FA0}.AppStore|iPhone.Build.0 = Release|Any CPU
		{F3565F15-3CE1-486A-914D-4AD65C1B8FA0}.AppStore|iPhone.Deploy.0 = Release|Any CPU
		{F3565F15-3CE1-486A-914D-4AD65C1B8FA0}.AppStore|iPhoneSimulator.ActiveCfg = Release|Any CPU
		{F3565F15-3CE1-486A-914D-4AD65C1B8FA0}.AppStore|iPhoneSimulator.Build.0 = Release|Any CPU
		{F3565F15-3CE1-486A-914D-4AD65C1B8FA0}.AppStore|iPhoneSimulator.Deploy.0 = Release|Any CPU
		{F3565F15-3CE1-486A-914D-4AD65C1B8FA0}.AppStore|x64.ActiveCfg = Release|x64
		{F3565F15-3CE1-486A-914D-4AD65C1B8FA0}.AppStore|x64.Build.0 = Release|x64
		{F3565F15-3CE1-486A-914D-4AD65C1B8FA0}.AppStore|x64.Deploy.0 = Release|x64
		{F3565F15-3CE1-486A-914D-4AD65C1B8FA0}.AppStore|x86.ActiveCfg = Release|x86
		{F3565F15-3CE1-486A-914D-4AD65C1B8FA0}.AppStore|x86.Build.0 = Release|x86
		{F3565F15-3CE1-486A-914D-4AD65C1B8FA0}.AppStore|x86.Deploy.0 = Release|x86
		{F3565F15-3CE1-486A-914D-4AD65C1B8FA0}.Debug|Any CPU.ActiveCfg = Debug|Any CPU
		{F3565F15-3CE1-486A-914D-4AD65C1B8FA0}.Debug|Any CPU.Build.0 = Debug|Any CPU
		{F3565F15-3CE1-486A-914D-4AD65C1B8FA0}.Debug|Any CPU.Deploy.0 = Debug|Any CPU
		{F3565F15-3CE1-486A-914D-4AD65C1B8FA0}.Debug|ARM.ActiveCfg = Debug|ARM
		{F3565F15-3CE1-486A-914D-4AD65C1B8FA0}.Debug|ARM.Build.0 = Debug|ARM
		{F3565F15-3CE1-486A-914D-4AD65C1B8FA0}.Debug|ARM.Deploy.0 = Debug|ARM
		{F3565F15-3CE1-486A-914D-4AD65C1B8FA0}.Debug|iPhone.ActiveCfg = Debug|Any CPU
		{F3565F15-3CE1-486A-914D-4AD65C1B8FA0}.Debug|iPhone.Build.0 = Debug|Any CPU
		{F3565F15-3CE1-486A-914D-4AD65C1B8FA0}.Debug|iPhone.Deploy.0 = Debug|Any CPU
		{F3565F15-3CE1-486A-914D-4AD65C1B8FA0}.Debug|iPhoneSimulator.ActiveCfg = Debug|Any CPU
		{F3565F15-3CE1-486A-914D-4AD65C1B8FA0}.Debug|iPhoneSimulator.Build.0 = Debug|Any CPU
		{F3565F15-3CE1-486A-914D-4AD65C1B8FA0}.Debug|iPhoneSimulator.Deploy.0 = Debug|Any CPU
		{F3565F15-3CE1-486A-914D-4AD65C1B8FA0}.Debug|x64.ActiveCfg = Debug|x64
		{F3565F15-3CE1-486A-914D-4AD65C1B8FA0}.Debug|x64.Build.0 = Debug|x64
		{F3565F15-3CE1-486A-914D-4AD65C1B8FA0}.Debug|x64.Deploy.0 = Debug|x64
		{F3565F15-3CE1-486A-914D-4AD65C1B8FA0}.Debug|x86.ActiveCfg = Debug|x86
		{F3565F15-3CE1-486A-914D-4AD65C1B8FA0}.Debug|x86.Build.0 = Debug|x86
		{F3565F15-3CE1-486A-914D-4AD65C1B8FA0}.Debug|x86.Deploy.0 = Debug|x86
		{F3565F15-3CE1-486A-914D-4AD65C1B8FA0}.Release|Any CPU.ActiveCfg = Release|Any CPU
		{F3565F15-3CE1-486A-914D-4AD65C1B8FA0}.Release|Any CPU.Build.0 = Release|Any CPU
		{F3565F15-3CE1-486A-914D-4AD65C1B8FA0}.Release|Any CPU.Deploy.0 = Release|Any CPU
		{F3565F15-3CE1-486A-914D-4AD65C1B8FA0}.Release|ARM.ActiveCfg = Release|ARM
		{F3565F15-3CE1-486A-914D-4AD65C1B8FA0}.Release|ARM.Build.0 = Release|ARM
		{F3565F15-3CE1-486A-914D-4AD65C1B8FA0}.Release|ARM.Deploy.0 = Release|ARM
		{F3565F15-3CE1-486A-914D-4AD65C1B8FA0}.Release|iPhone.ActiveCfg = Release|Any CPU
		{F3565F15-3CE1-486A-914D-4AD65C1B8FA0}.Release|iPhone.Build.0 = Release|Any CPU
		{F3565F15-3CE1-486A-914D-4AD65C1B8FA0}.Release|iPhone.Deploy.0 = Release|Any CPU
		{F3565F15-3CE1-486A-914D-4AD65C1B8FA0}.Release|iPhoneSimulator.ActiveCfg = Release|Any CPU
		{F3565F15-3CE1-486A-914D-4AD65C1B8FA0}.Release|iPhoneSimulator.Build.0 = Release|Any CPU
		{F3565F15-3CE1-486A-914D-4AD65C1B8FA0}.Release|iPhoneSimulator.Deploy.0 = Release|Any CPU
		{F3565F15-3CE1-486A-914D-4AD65C1B8FA0}.Release|x64.ActiveCfg = Release|x64
		{F3565F15-3CE1-486A-914D-4AD65C1B8FA0}.Release|x64.Build.0 = Release|x64
		{F3565F15-3CE1-486A-914D-4AD65C1B8FA0}.Release|x64.Deploy.0 = Release|x64
		{F3565F15-3CE1-486A-914D-4AD65C1B8FA0}.Release|x86.ActiveCfg = Release|x86
		{F3565F15-3CE1-486A-914D-4AD65C1B8FA0}.Release|x86.Build.0 = Release|x86
		{F3565F15-3CE1-486A-914D-4AD65C1B8FA0}.Release|x86.Deploy.0 = Release|x86
		{386220E3-C8DA-4A11-9B71-C3C15C92BB76}.Ad-Hoc|Any CPU.ActiveCfg = Release|Any CPU
		{386220E3-C8DA-4A11-9B71-C3C15C92BB76}.Ad-Hoc|Any CPU.Build.0 = Release|Any CPU
		{386220E3-C8DA-4A11-9B71-C3C15C92BB76}.Ad-Hoc|ARM.ActiveCfg = Release|Any CPU
		{386220E3-C8DA-4A11-9B71-C3C15C92BB76}.Ad-Hoc|ARM.Build.0 = Release|Any CPU
		{386220E3-C8DA-4A11-9B71-C3C15C92BB76}.Ad-Hoc|iPhone.ActiveCfg = Release|Any CPU
		{386220E3-C8DA-4A11-9B71-C3C15C92BB76}.Ad-Hoc|iPhone.Build.0 = Release|Any CPU
		{386220E3-C8DA-4A11-9B71-C3C15C92BB76}.Ad-Hoc|iPhoneSimulator.ActiveCfg = Release|Any CPU
		{386220E3-C8DA-4A11-9B71-C3C15C92BB76}.Ad-Hoc|iPhoneSimulator.Build.0 = Release|Any CPU
		{386220E3-C8DA-4A11-9B71-C3C15C92BB76}.Ad-Hoc|x64.ActiveCfg = Release|Any CPU
		{386220E3-C8DA-4A11-9B71-C3C15C92BB76}.Ad-Hoc|x64.Build.0 = Release|Any CPU
		{386220E3-C8DA-4A11-9B71-C3C15C92BB76}.Ad-Hoc|x86.ActiveCfg = Release|Any CPU
		{386220E3-C8DA-4A11-9B71-C3C15C92BB76}.Ad-Hoc|x86.Build.0 = Release|Any CPU
		{386220E3-C8DA-4A11-9B71-C3C15C92BB76}.AppStore|Any CPU.ActiveCfg = Release|Any CPU
		{386220E3-C8DA-4A11-9B71-C3C15C92BB76}.AppStore|Any CPU.Build.0 = Release|Any CPU
		{386220E3-C8DA-4A11-9B71-C3C15C92BB76}.AppStore|ARM.ActiveCfg = Release|Any CPU
		{386220E3-C8DA-4A11-9B71-C3C15C92BB76}.AppStore|ARM.Build.0 = Release|Any CPU
		{386220E3-C8DA-4A11-9B71-C3C15C92BB76}.AppStore|iPhone.ActiveCfg = Release|Any CPU
		{386220E3-C8DA-4A11-9B71-C3C15C92BB76}.AppStore|iPhone.Build.0 = Release|Any CPU
		{386220E3-C8DA-4A11-9B71-C3C15C92BB76}.AppStore|iPhoneSimulator.ActiveCfg = Release|Any CPU
		{386220E3-C8DA-4A11-9B71-C3C15C92BB76}.AppStore|iPhoneSimulator.Build.0 = Release|Any CPU
		{386220E3-C8DA-4A11-9B71-C3C15C92BB76}.AppStore|x64.ActiveCfg = Release|Any CPU
		{386220E3-C8DA-4A11-9B71-C3C15C92BB76}.AppStore|x64.Build.0 = Release|Any CPU
		{386220E3-C8DA-4A11-9B71-C3C15C92BB76}.AppStore|x86.ActiveCfg = Release|Any CPU
		{386220E3-C8DA-4A11-9B71-C3C15C92BB76}.AppStore|x86.Build.0 = Release|Any CPU
		{386220E3-C8DA-4A11-9B71-C3C15C92BB76}.Debug|Any CPU.ActiveCfg = Debug|Any CPU
		{386220E3-C8DA-4A11-9B71-C3C15C92BB76}.Debug|Any CPU.Build.0 = Debug|Any CPU
		{386220E3-C8DA-4A11-9B71-C3C15C92BB76}.Debug|ARM.ActiveCfg = Debug|Any CPU
		{386220E3-C8DA-4A11-9B71-C3C15C92BB76}.Debug|ARM.Build.0 = Debug|Any CPU
		{386220E3-C8DA-4A11-9B71-C3C15C92BB76}.Debug|iPhone.ActiveCfg = Debug|Any CPU
		{386220E3-C8DA-4A11-9B71-C3C15C92BB76}.Debug|iPhone.Build.0 = Debug|Any CPU
		{386220E3-C8DA-4A11-9B71-C3C15C92BB76}.Debug|iPhoneSimulator.ActiveCfg = Debug|Any CPU
		{386220E3-C8DA-4A11-9B71-C3C15C92BB76}.Debug|iPhoneSimulator.Build.0 = Debug|Any CPU
		{386220E3-C8DA-4A11-9B71-C3C15C92BB76}.Debug|x64.ActiveCfg = Debug|Any CPU
		{386220E3-C8DA-4A11-9B71-C3C15C92BB76}.Debug|x64.Build.0 = Debug|Any CPU
		{386220E3-C8DA-4A11-9B71-C3C15C92BB76}.Debug|x86.ActiveCfg = Debug|Any CPU
		{386220E3-C8DA-4A11-9B71-C3C15C92BB76}.Debug|x86.Build.0 = Debug|Any CPU
		{386220E3-C8DA-4A11-9B71-C3C15C92BB76}.Release|Any CPU.ActiveCfg = Release|Any CPU
		{386220E3-C8DA-4A11-9B71-C3C15C92BB76}.Release|Any CPU.Build.0 = Release|Any CPU
		{386220E3-C8DA-4A11-9B71-C3C15C92BB76}.Release|ARM.ActiveCfg = Release|Any CPU
		{386220E3-C8DA-4A11-9B71-C3C15C92BB76}.Release|ARM.Build.0 = Release|Any CPU
		{386220E3-C8DA-4A11-9B71-C3C15C92BB76}.Release|iPhone.ActiveCfg = Release|Any CPU
		{386220E3-C8DA-4A11-9B71-C3C15C92BB76}.Release|iPhone.Build.0 = Release|Any CPU
		{386220E3-C8DA-4A11-9B71-C3C15C92BB76}.Release|iPhoneSimulator.ActiveCfg = Release|Any CPU
		{386220E3-C8DA-4A11-9B71-C3C15C92BB76}.Release|iPhoneSimulator.Build.0 = Release|Any CPU
		{386220E3-C8DA-4A11-9B71-C3C15C92BB76}.Release|x64.ActiveCfg = Release|Any CPU
		{386220E3-C8DA-4A11-9B71-C3C15C92BB76}.Release|x64.Build.0 = Release|Any CPU
		{386220E3-C8DA-4A11-9B71-C3C15C92BB76}.Release|x86.ActiveCfg = Release|Any CPU
		{386220E3-C8DA-4A11-9B71-C3C15C92BB76}.Release|x86.Build.0 = Release|Any CPU
	EndGlobalSection
	GlobalSection(SolutionProperties) = preSolution
		HideSolutionNode = FALSE
	EndGlobalSection
EndGlobal
