
Microsoft Visual Studio Solution File, Format Version 12.00
# Visual Studio 14
VisualStudioVersion = 14.0.24720.0
MinimumVisualStudioVersion = 10.0.40219.1
Project("{FAE04EC0-301F-11D3-BF4B-00C04F79EFBC}") = "LuckyWinner.Droid", "LuckyWinner\LuckyWinner.Droid\LuckyWinner.Droid.csproj", "{9D107160-2E3E-4ECF-A703-CAE57360881C}"
EndProject
Project("{FAE04EC0-301F-11D3-BF4B-00C04F79EFBC}") = "LuckyWinner.iOS", "LuckyWinner\LuckyWinner.iOS\LuckyWinner.iOS.csproj", "{AB192EAD-D237-491D-B796-C719ACF0A364}"
EndProject
Project("{FAE04EC0-301F-11D3-BF4B-00C04F79EFBC}") = "LuckyWinner.WinPhone", "LuckyWinner\LuckyWinner.WinPhone\LuckyWinner.WinPhone.csproj", "{5F18EEB8-E7F2-4991-9189-33D40946BCDB}"
EndProject
Project("{D954291E-2A0B-460D-934E-DC6B0785DB48}") = "LuckyWinner", "LuckyWinner\LuckyWinner\LuckyWinner.shproj", "{338DCE30-3A36-443E-9B7D-412BDB7EA896}"
EndProject
Project("{FAE04EC0-301F-11D3-BF4B-00C04F79EFBC}") = "LuckyWinner.UITests", "LuckyWinner\LuckyWinner.UITests\LuckyWinner.UITests.csproj", "{B4FDF986-20FF-469A-84FB-92D85AB957D7}"
EndProject
Project("{2150E333-8FDC-42A3-9474-1A3956D46DE8}") = "Solution files", "Solution files", "{0F93D6B1-E411-4CA7-B69D-DF6152354A08}"
	ProjectSection(SolutionItems) = preProject
		LuckyWinner\LuckyWinner\GettingStarted.Xamarin = LuckyWinner\LuckyWinner\GettingStarted.Xamarin
		README.md = README.md
	EndProjectSection
EndProject
Global
	GlobalSection(SharedMSBuildProjectFiles) = preSolution
		LuckyWinner\LuckyWinner\LuckyWinner.projitems*{5f18eeb8-e7f2-4991-9189-33d40946bcdb}*SharedItemsImports = 4
		LuckyWinner\LuckyWinner\LuckyWinner.projitems*{ab192ead-d237-491d-b796-c719acf0a364}*SharedItemsImports = 4
		LuckyWinner\LuckyWinner\LuckyWinner.projitems*{338dce30-3a36-443e-9b7d-412bdb7ea896}*SharedItemsImports = 13
		LuckyWinner\LuckyWinner\LuckyWinner.projitems*{9d107160-2e3e-4ecf-a703-cae57360881c}*SharedItemsImports = 4
	EndGlobalSection
	GlobalSection(SolutionConfigurationPlatforms) = preSolution
		Ad-Hoc|Any CPU = Ad-Hoc|Any CPU
		Ad-Hoc|ARM = Ad-Hoc|ARM
		Ad-Hoc|iPhone = Ad-Hoc|iPhone
		Ad-Hoc|iPhoneSimulator = Ad-Hoc|iPhoneSimulator
		Ad-Hoc|x86 = Ad-Hoc|x86
		AppStore|Any CPU = AppStore|Any CPU
		AppStore|ARM = AppStore|ARM
		AppStore|iPhone = AppStore|iPhone
		AppStore|iPhoneSimulator = AppStore|iPhoneSimulator
		AppStore|x86 = AppStore|x86
		Debug|Any CPU = Debug|Any CPU
		Debug|ARM = Debug|ARM
		Debug|iPhone = Debug|iPhone
		Debug|iPhoneSimulator = Debug|iPhoneSimulator
		Debug|x86 = Debug|x86
		Release|Any CPU = Release|Any CPU
		Release|ARM = Release|ARM
		Release|iPhone = Release|iPhone
		Release|iPhoneSimulator = Release|iPhoneSimulator
		Release|x86 = Release|x86
	EndGlobalSection
	GlobalSection(ProjectConfigurationPlatforms) = postSolution
		{9D107160-2E3E-4ECF-A703-CAE57360881C}.Ad-Hoc|Any CPU.ActiveCfg = Release|Any CPU
		{9D107160-2E3E-4ECF-A703-CAE57360881C}.Ad-Hoc|Any CPU.Build.0 = Release|Any CPU
		{9D107160-2E3E-4ECF-A703-CAE57360881C}.Ad-Hoc|Any CPU.Deploy.0 = Release|Any CPU
		{9D107160-2E3E-4ECF-A703-CAE57360881C}.Ad-Hoc|ARM.ActiveCfg = Release|Any CPU
		{9D107160-2E3E-4ECF-A703-CAE57360881C}.Ad-Hoc|ARM.Build.0 = Release|Any CPU
		{9D107160-2E3E-4ECF-A703-CAE57360881C}.Ad-Hoc|ARM.Deploy.0 = Release|Any CPU
		{9D107160-2E3E-4ECF-A703-CAE57360881C}.Ad-Hoc|iPhone.ActiveCfg = Release|Any CPU
		{9D107160-2E3E-4ECF-A703-CAE57360881C}.Ad-Hoc|iPhone.Build.0 = Release|Any CPU
		{9D107160-2E3E-4ECF-A703-CAE57360881C}.Ad-Hoc|iPhone.Deploy.0 = Release|Any CPU
		{9D107160-2E3E-4ECF-A703-CAE57360881C}.Ad-Hoc|iPhoneSimulator.ActiveCfg = Release|Any CPU
		{9D107160-2E3E-4ECF-A703-CAE57360881C}.Ad-Hoc|iPhoneSimulator.Build.0 = Release|Any CPU
		{9D107160-2E3E-4ECF-A703-CAE57360881C}.Ad-Hoc|iPhoneSimulator.Deploy.0 = Release|Any CPU
		{9D107160-2E3E-4ECF-A703-CAE57360881C}.Ad-Hoc|x86.ActiveCfg = Release|Any CPU
		{9D107160-2E3E-4ECF-A703-CAE57360881C}.Ad-Hoc|x86.Build.0 = Release|Any CPU
		{9D107160-2E3E-4ECF-A703-CAE57360881C}.Ad-Hoc|x86.Deploy.0 = Release|Any CPU
		{9D107160-2E3E-4ECF-A703-CAE57360881C}.AppStore|Any CPU.ActiveCfg = Release|Any CPU
		{9D107160-2E3E-4ECF-A703-CAE57360881C}.AppStore|Any CPU.Build.0 = Release|Any CPU
		{9D107160-2E3E-4ECF-A703-CAE57360881C}.AppStore|Any CPU.Deploy.0 = Release|Any CPU
		{9D107160-2E3E-4ECF-A703-CAE57360881C}.AppStore|ARM.ActiveCfg = Release|Any CPU
		{9D107160-2E3E-4ECF-A703-CAE57360881C}.AppStore|ARM.Build.0 = Release|Any CPU
		{9D107160-2E3E-4ECF-A703-CAE57360881C}.AppStore|ARM.Deploy.0 = Release|Any CPU
		{9D107160-2E3E-4ECF-A703-CAE57360881C}.AppStore|iPhone.ActiveCfg = Release|Any CPU
		{9D107160-2E3E-4ECF-A703-CAE57360881C}.AppStore|iPhone.Build.0 = Release|Any CPU
		{9D107160-2E3E-4ECF-A703-CAE57360881C}.AppStore|iPhone.Deploy.0 = Release|Any CPU
		{9D107160-2E3E-4ECF-A703-CAE57360881C}.AppStore|iPhoneSimulator.ActiveCfg = Release|Any CPU
		{9D107160-2E3E-4ECF-A703-CAE57360881C}.AppStore|iPhoneSimulator.Build.0 = Release|Any CPU
		{9D107160-2E3E-4ECF-A703-CAE57360881C}.AppStore|iPhoneSimulator.Deploy.0 = Release|Any CPU
		{9D107160-2E3E-4ECF-A703-CAE57360881C}.AppStore|x86.ActiveCfg = Release|Any CPU
		{9D107160-2E3E-4ECF-A703-CAE57360881C}.AppStore|x86.Build.0 = Release|Any CPU
		{9D107160-2E3E-4ECF-A703-CAE57360881C}.AppStore|x86.Deploy.0 = Release|Any CPU
		{9D107160-2E3E-4ECF-A703-CAE57360881C}.Debug|Any CPU.ActiveCfg = Debug|Any CPU
		{9D107160-2E3E-4ECF-A703-CAE57360881C}.Debug|Any CPU.Build.0 = Debug|Any CPU
		{9D107160-2E3E-4ECF-A703-CAE57360881C}.Debug|Any CPU.Deploy.0 = Debug|Any CPU
		{9D107160-2E3E-4ECF-A703-CAE57360881C}.Debug|ARM.ActiveCfg = Debug|Any CPU
		{9D107160-2E3E-4ECF-A703-CAE57360881C}.Debug|ARM.Build.0 = Debug|Any CPU
		{9D107160-2E3E-4ECF-A703-CAE57360881C}.Debug|ARM.Deploy.0 = Debug|Any CPU
		{9D107160-2E3E-4ECF-A703-CAE57360881C}.Debug|iPhone.ActiveCfg = Debug|Any CPU
		{9D107160-2E3E-4ECF-A703-CAE57360881C}.Debug|iPhone.Build.0 = Debug|Any CPU
		{9D107160-2E3E-4ECF-A703-CAE57360881C}.Debug|iPhone.Deploy.0 = Debug|Any CPU
		{9D107160-2E3E-4ECF-A703-CAE57360881C}.Debug|iPhoneSimulator.ActiveCfg = Debug|Any CPU
		{9D107160-2E3E-4ECF-A703-CAE57360881C}.Debug|iPhoneSimulator.Build.0 = Debug|Any CPU
		{9D107160-2E3E-4ECF-A703-CAE57360881C}.Debug|iPhoneSimulator.Deploy.0 = Debug|Any CPU
		{9D107160-2E3E-4ECF-A703-CAE57360881C}.Debug|x86.ActiveCfg = Debug|Any CPU
		{9D107160-2E3E-4ECF-A703-CAE57360881C}.Debug|x86.Build.0 = Debug|Any CPU
		{9D107160-2E3E-4ECF-A703-CAE57360881C}.Debug|x86.Deploy.0 = Debug|Any CPU
		{9D107160-2E3E-4ECF-A703-CAE57360881C}.Release|Any CPU.ActiveCfg = Release|Any CPU
		{9D107160-2E3E-4ECF-A703-CAE57360881C}.Release|Any CPU.Build.0 = Release|Any CPU
		{9D107160-2E3E-4ECF-A703-CAE57360881C}.Release|Any CPU.Deploy.0 = Release|Any CPU
		{9D107160-2E3E-4ECF-A703-CAE57360881C}.Release|ARM.ActiveCfg = Release|Any CPU
		{9D107160-2E3E-4ECF-A703-CAE57360881C}.Release|ARM.Build.0 = Release|Any CPU
		{9D107160-2E3E-4ECF-A703-CAE57360881C}.Release|ARM.Deploy.0 = Release|Any CPU
		{9D107160-2E3E-4ECF-A703-CAE57360881C}.Release|iPhone.ActiveCfg = Release|Any CPU
		{9D107160-2E3E-4ECF-A703-CAE57360881C}.Release|iPhone.Build.0 = Release|Any CPU
		{9D107160-2E3E-4ECF-A703-CAE57360881C}.Release|iPhone.Deploy.0 = Release|Any CPU
		{9D107160-2E3E-4ECF-A703-CAE57360881C}.Release|iPhoneSimulator.ActiveCfg = Release|Any CPU
		{9D107160-2E3E-4ECF-A703-CAE57360881C}.Release|iPhoneSimulator.Build.0 = Release|Any CPU
		{9D107160-2E3E-4ECF-A703-CAE57360881C}.Release|iPhoneSimulator.Deploy.0 = Release|Any CPU
		{9D107160-2E3E-4ECF-A703-CAE57360881C}.Release|x86.ActiveCfg = Release|Any CPU
		{9D107160-2E3E-4ECF-A703-CAE57360881C}.Release|x86.Build.0 = Release|Any CPU
		{9D107160-2E3E-4ECF-A703-CAE57360881C}.Release|x86.Deploy.0 = Release|Any CPU
		{AB192EAD-D237-491D-B796-C719ACF0A364}.Ad-Hoc|Any CPU.ActiveCfg = Ad-Hoc|iPhone
		{AB192EAD-D237-491D-B796-C719ACF0A364}.Ad-Hoc|ARM.ActiveCfg = Ad-Hoc|iPhone
		{AB192EAD-D237-491D-B796-C719ACF0A364}.Ad-Hoc|iPhone.ActiveCfg = Ad-Hoc|iPhone
		{AB192EAD-D237-491D-B796-C719ACF0A364}.Ad-Hoc|iPhone.Build.0 = Ad-Hoc|iPhone
		{AB192EAD-D237-491D-B796-C719ACF0A364}.Ad-Hoc|iPhoneSimulator.ActiveCfg = Ad-Hoc|iPhoneSimulator
		{AB192EAD-D237-491D-B796-C719ACF0A364}.Ad-Hoc|iPhoneSimulator.Build.0 = Ad-Hoc|iPhoneSimulator
		{AB192EAD-D237-491D-B796-C719ACF0A364}.Ad-Hoc|x86.ActiveCfg = Ad-Hoc|iPhone
		{AB192EAD-D237-491D-B796-C719ACF0A364}.AppStore|Any CPU.ActiveCfg = AppStore|iPhone
		{AB192EAD-D237-491D-B796-C719ACF0A364}.AppStore|ARM.ActiveCfg = AppStore|iPhone
		{AB192EAD-D237-491D-B796-C719ACF0A364}.AppStore|iPhone.ActiveCfg = AppStore|iPhone
		{AB192EAD-D237-491D-B796-C719ACF0A364}.AppStore|iPhone.Build.0 = AppStore|iPhone
		{AB192EAD-D237-491D-B796-C719ACF0A364}.AppStore|iPhoneSimulator.ActiveCfg = AppStore|iPhoneSimulator
		{AB192EAD-D237-491D-B796-C719ACF0A364}.AppStore|iPhoneSimulator.Build.0 = AppStore|iPhoneSimulator
		{AB192EAD-D237-491D-B796-C719ACF0A364}.AppStore|x86.ActiveCfg = AppStore|iPhone
		{AB192EAD-D237-491D-B796-C719ACF0A364}.Debug|Any CPU.ActiveCfg = Debug|iPhone
		{AB192EAD-D237-491D-B796-C719ACF0A364}.Debug|Any CPU.Build.0 = Debug|iPhone
		{AB192EAD-D237-491D-B796-C719ACF0A364}.Debug|ARM.ActiveCfg = Debug|iPhone
		{AB192EAD-D237-491D-B796-C719ACF0A364}.Debug|iPhone.ActiveCfg = Debug|iPhone
		{AB192EAD-D237-491D-B796-C719ACF0A364}.Debug|iPhone.Build.0 = Debug|iPhone
		{AB192EAD-D237-491D-B796-C719ACF0A364}.Debug|iPhoneSimulator.ActiveCfg = Debug|iPhoneSimulator
		{AB192EAD-D237-491D-B796-C719ACF0A364}.Debug|iPhoneSimulator.Build.0 = Debug|iPhoneSimulator
		{AB192EAD-D237-491D-B796-C719ACF0A364}.Debug|x86.ActiveCfg = Debug|iPhone
		{AB192EAD-D237-491D-B796-C719ACF0A364}.Release|Any CPU.ActiveCfg = Release|iPhone
		{AB192EAD-D237-491D-B796-C719ACF0A364}.Release|ARM.ActiveCfg = Release|iPhone
		{AB192EAD-D237-491D-B796-C719ACF0A364}.Release|iPhone.ActiveCfg = Release|iPhone
		{AB192EAD-D237-491D-B796-C719ACF0A364}.Release|iPhone.Build.0 = Release|iPhone
		{AB192EAD-D237-491D-B796-C719ACF0A364}.Release|iPhoneSimulator.ActiveCfg = Release|iPhoneSimulator
		{AB192EAD-D237-491D-B796-C719ACF0A364}.Release|iPhoneSimulator.Build.0 = Release|iPhoneSimulator
		{AB192EAD-D237-491D-B796-C719ACF0A364}.Release|x86.ActiveCfg = Release|iPhone
		{5F18EEB8-E7F2-4991-9189-33D40946BCDB}.Ad-Hoc|Any CPU.ActiveCfg = Release|Any CPU
		{5F18EEB8-E7F2-4991-9189-33D40946BCDB}.Ad-Hoc|Any CPU.Build.0 = Release|Any CPU
		{5F18EEB8-E7F2-4991-9189-33D40946BCDB}.Ad-Hoc|Any CPU.Deploy.0 = Release|Any CPU
		{5F18EEB8-E7F2-4991-9189-33D40946BCDB}.Ad-Hoc|ARM.ActiveCfg = Release|ARM
		{5F18EEB8-E7F2-4991-9189-33D40946BCDB}.Ad-Hoc|ARM.Build.0 = Release|ARM
		{5F18EEB8-E7F2-4991-9189-33D40946BCDB}.Ad-Hoc|ARM.Deploy.0 = Release|ARM
		{5F18EEB8-E7F2-4991-9189-33D40946BCDB}.Ad-Hoc|iPhone.ActiveCfg = Release|Any CPU
		{5F18EEB8-E7F2-4991-9189-33D40946BCDB}.Ad-Hoc|iPhone.Build.0 = Release|Any CPU
		{5F18EEB8-E7F2-4991-9189-33D40946BCDB}.Ad-Hoc|iPhone.Deploy.0 = Release|Any CPU
		{5F18EEB8-E7F2-4991-9189-33D40946BCDB}.Ad-Hoc|iPhoneSimulator.ActiveCfg = Release|Any CPU
		{5F18EEB8-E7F2-4991-9189-33D40946BCDB}.Ad-Hoc|iPhoneSimulator.Build.0 = Release|Any CPU
		{5F18EEB8-E7F2-4991-9189-33D40946BCDB}.Ad-Hoc|iPhoneSimulator.Deploy.0 = Release|Any CPU
		{5F18EEB8-E7F2-4991-9189-33D40946BCDB}.Ad-Hoc|x86.ActiveCfg = Release|x86
		{5F18EEB8-E7F2-4991-9189-33D40946BCDB}.Ad-Hoc|x86.Build.0 = Release|x86
		{5F18EEB8-E7F2-4991-9189-33D40946BCDB}.Ad-Hoc|x86.Deploy.0 = Release|x86
		{5F18EEB8-E7F2-4991-9189-33D40946BCDB}.AppStore|Any CPU.ActiveCfg = Release|Any CPU
		{5F18EEB8-E7F2-4991-9189-33D40946BCDB}.AppStore|Any CPU.Build.0 = Release|Any CPU
		{5F18EEB8-E7F2-4991-9189-33D40946BCDB}.AppStore|Any CPU.Deploy.0 = Release|Any CPU
		{5F18EEB8-E7F2-4991-9189-33D40946BCDB}.AppStore|ARM.ActiveCfg = Release|ARM
		{5F18EEB8-E7F2-4991-9189-33D40946BCDB}.AppStore|ARM.Build.0 = Release|ARM
		{5F18EEB8-E7F2-4991-9189-33D40946BCDB}.AppStore|ARM.Deploy.0 = Release|ARM
		{5F18EEB8-E7F2-4991-9189-33D40946BCDB}.AppStore|iPhone.ActiveCfg = Release|Any CPU
		{5F18EEB8-E7F2-4991-9189-33D40946BCDB}.AppStore|iPhone.Build.0 = Release|Any CPU
		{5F18EEB8-E7F2-4991-9189-33D40946BCDB}.AppStore|iPhone.Deploy.0 = Release|Any CPU
		{5F18EEB8-E7F2-4991-9189-33D40946BCDB}.AppStore|iPhoneSimulator.ActiveCfg = Release|Any CPU
		{5F18EEB8-E7F2-4991-9189-33D40946BCDB}.AppStore|iPhoneSimulator.Build.0 = Release|Any CPU
		{5F18EEB8-E7F2-4991-9189-33D40946BCDB}.AppStore|iPhoneSimulator.Deploy.0 = Release|Any CPU
		{5F18EEB8-E7F2-4991-9189-33D40946BCDB}.AppStore|x86.ActiveCfg = Release|x86
		{5F18EEB8-E7F2-4991-9189-33D40946BCDB}.AppStore|x86.Build.0 = Release|x86
		{5F18EEB8-E7F2-4991-9189-33D40946BCDB}.AppStore|x86.Deploy.0 = Release|x86
		{5F18EEB8-E7F2-4991-9189-33D40946BCDB}.Debug|Any CPU.ActiveCfg = Debug|Any CPU
		{5F18EEB8-E7F2-4991-9189-33D40946BCDB}.Debug|Any CPU.Build.0 = Debug|Any CPU
		{5F18EEB8-E7F2-4991-9189-33D40946BCDB}.Debug|Any CPU.Deploy.0 = Debug|Any CPU
		{5F18EEB8-E7F2-4991-9189-33D40946BCDB}.Debug|ARM.ActiveCfg = Debug|ARM
		{5F18EEB8-E7F2-4991-9189-33D40946BCDB}.Debug|ARM.Build.0 = Debug|ARM
		{5F18EEB8-E7F2-4991-9189-33D40946BCDB}.Debug|ARM.Deploy.0 = Debug|ARM
		{5F18EEB8-E7F2-4991-9189-33D40946BCDB}.Debug|iPhone.ActiveCfg = Debug|Any CPU
		{5F18EEB8-E7F2-4991-9189-33D40946BCDB}.Debug|iPhone.Build.0 = Debug|Any CPU
		{5F18EEB8-E7F2-4991-9189-33D40946BCDB}.Debug|iPhone.Deploy.0 = Debug|Any CPU
		{5F18EEB8-E7F2-4991-9189-33D40946BCDB}.Debug|iPhoneSimulator.ActiveCfg = Debug|Any CPU
		{5F18EEB8-E7F2-4991-9189-33D40946BCDB}.Debug|iPhoneSimulator.Build.0 = Debug|Any CPU
		{5F18EEB8-E7F2-4991-9189-33D40946BCDB}.Debug|iPhoneSimulator.Deploy.0 = Debug|Any CPU
		{5F18EEB8-E7F2-4991-9189-33D40946BCDB}.Debug|x86.ActiveCfg = Debug|x86
		{5F18EEB8-E7F2-4991-9189-33D40946BCDB}.Debug|x86.Build.0 = Debug|x86
		{5F18EEB8-E7F2-4991-9189-33D40946BCDB}.Debug|x86.Deploy.0 = Debug|x86
		{5F18EEB8-E7F2-4991-9189-33D40946BCDB}.Release|Any CPU.ActiveCfg = Release|Any CPU
		{5F18EEB8-E7F2-4991-9189-33D40946BCDB}.Release|Any CPU.Build.0 = Release|Any CPU
		{5F18EEB8-E7F2-4991-9189-33D40946BCDB}.Release|Any CPU.Deploy.0 = Release|Any CPU
		{5F18EEB8-E7F2-4991-9189-33D40946BCDB}.Release|ARM.ActiveCfg = Release|ARM
		{5F18EEB8-E7F2-4991-9189-33D40946BCDB}.Release|ARM.Build.0 = Release|ARM
		{5F18EEB8-E7F2-4991-9189-33D40946BCDB}.Release|ARM.Deploy.0 = Release|ARM
		{5F18EEB8-E7F2-4991-9189-33D40946BCDB}.Release|iPhone.ActiveCfg = Release|Any CPU
		{5F18EEB8-E7F2-4991-9189-33D40946BCDB}.Release|iPhone.Build.0 = Release|Any CPU
		{5F18EEB8-E7F2-4991-9189-33D40946BCDB}.Release|iPhone.Deploy.0 = Release|Any CPU
		{5F18EEB8-E7F2-4991-9189-33D40946BCDB}.Release|iPhoneSimulator.ActiveCfg = Release|Any CPU
		{5F18EEB8-E7F2-4991-9189-33D40946BCDB}.Release|iPhoneSimulator.Build.0 = Release|Any CPU
		{5F18EEB8-E7F2-4991-9189-33D40946BCDB}.Release|iPhoneSimulator.Deploy.0 = Release|Any CPU
		{5F18EEB8-E7F2-4991-9189-33D40946BCDB}.Release|x86.ActiveCfg = Release|x86
		{5F18EEB8-E7F2-4991-9189-33D40946BCDB}.Release|x86.Build.0 = Release|x86
		{5F18EEB8-E7F2-4991-9189-33D40946BCDB}.Release|x86.Deploy.0 = Release|x86
		{B4FDF986-20FF-469A-84FB-92D85AB957D7}.Ad-Hoc|Any CPU.ActiveCfg = Release|Any CPU
		{B4FDF986-20FF-469A-84FB-92D85AB957D7}.Ad-Hoc|Any CPU.Build.0 = Release|Any CPU
		{B4FDF986-20FF-469A-84FB-92D85AB957D7}.Ad-Hoc|ARM.ActiveCfg = Release|Any CPU
		{B4FDF986-20FF-469A-84FB-92D85AB957D7}.Ad-Hoc|ARM.Build.0 = Release|Any CPU
		{B4FDF986-20FF-469A-84FB-92D85AB957D7}.Ad-Hoc|iPhone.ActiveCfg = Release|Any CPU
		{B4FDF986-20FF-469A-84FB-92D85AB957D7}.Ad-Hoc|iPhone.Build.0 = Release|Any CPU
		{B4FDF986-20FF-469A-84FB-92D85AB957D7}.Ad-Hoc|iPhoneSimulator.ActiveCfg = Release|Any CPU
		{B4FDF986-20FF-469A-84FB-92D85AB957D7}.Ad-Hoc|iPhoneSimulator.Build.0 = Release|Any CPU
		{B4FDF986-20FF-469A-84FB-92D85AB957D7}.Ad-Hoc|x86.ActiveCfg = Release|Any CPU
		{B4FDF986-20FF-469A-84FB-92D85AB957D7}.Ad-Hoc|x86.Build.0 = Release|Any CPU
		{B4FDF986-20FF-469A-84FB-92D85AB957D7}.AppStore|Any CPU.ActiveCfg = Release|Any CPU
		{B4FDF986-20FF-469A-84FB-92D85AB957D7}.AppStore|Any CPU.Build.0 = Release|Any CPU
		{B4FDF986-20FF-469A-84FB-92D85AB957D7}.AppStore|ARM.ActiveCfg = Release|Any CPU
		{B4FDF986-20FF-469A-84FB-92D85AB957D7}.AppStore|ARM.Build.0 = Release|Any CPU
		{B4FDF986-20FF-469A-84FB-92D85AB957D7}.AppStore|iPhone.ActiveCfg = Release|Any CPU
		{B4FDF986-20FF-469A-84FB-92D85AB957D7}.AppStore|iPhone.Build.0 = Release|Any CPU
		{B4FDF986-20FF-469A-84FB-92D85AB957D7}.AppStore|iPhoneSimulator.ActiveCfg = Release|Any CPU
		{B4FDF986-20FF-469A-84FB-92D85AB957D7}.AppStore|iPhoneSimulator.Build.0 = Release|Any CPU
		{B4FDF986-20FF-469A-84FB-92D85AB957D7}.AppStore|x86.ActiveCfg = Release|Any CPU
		{B4FDF986-20FF-469A-84FB-92D85AB957D7}.AppStore|x86.Build.0 = Release|Any CPU
		{B4FDF986-20FF-469A-84FB-92D85AB957D7}.Debug|Any CPU.ActiveCfg = Debug|Any CPU
		{B4FDF986-20FF-469A-84FB-92D85AB957D7}.Debug|Any CPU.Build.0 = Debug|Any CPU
		{B4FDF986-20FF-469A-84FB-92D85AB957D7}.Debug|ARM.ActiveCfg = Debug|Any CPU
		{B4FDF986-20FF-469A-84FB-92D85AB957D7}.Debug|ARM.Build.0 = Debug|Any CPU
		{B4FDF986-20FF-469A-84FB-92D85AB957D7}.Debug|iPhone.ActiveCfg = Debug|Any CPU
		{B4FDF986-20FF-469A-84FB-92D85AB957D7}.Debug|iPhone.Build.0 = Debug|Any CPU
		{B4FDF986-20FF-469A-84FB-92D85AB957D7}.Debug|iPhoneSimulator.ActiveCfg = Debug|Any CPU
		{B4FDF986-20FF-469A-84FB-92D85AB957D7}.Debug|iPhoneSimulator.Build.0 = Debug|Any CPU
		{B4FDF986-20FF-469A-84FB-92D85AB957D7}.Debug|x86.ActiveCfg = Debug|Any CPU
		{B4FDF986-20FF-469A-84FB-92D85AB957D7}.Debug|x86.Build.0 = Debug|Any CPU
		{B4FDF986-20FF-469A-84FB-92D85AB957D7}.Release|Any CPU.ActiveCfg = Release|Any CPU
		{B4FDF986-20FF-469A-84FB-92D85AB957D7}.Release|Any CPU.Build.0 = Release|Any CPU
		{B4FDF986-20FF-469A-84FB-92D85AB957D7}.Release|ARM.ActiveCfg = Release|Any CPU
		{B4FDF986-20FF-469A-84FB-92D85AB957D7}.Release|ARM.Build.0 = Release|Any CPU
		{B4FDF986-20FF-469A-84FB-92D85AB957D7}.Release|iPhone.ActiveCfg = Release|Any CPU
		{B4FDF986-20FF-469A-84FB-92D85AB957D7}.Release|iPhone.Build.0 = Release|Any CPU
		{B4FDF986-20FF-469A-84FB-92D85AB957D7}.Release|iPhoneSimulator.ActiveCfg = Release|Any CPU
		{B4FDF986-20FF-469A-84FB-92D85AB957D7}.Release|iPhoneSimulator.Build.0 = Release|Any CPU
		{B4FDF986-20FF-469A-84FB-92D85AB957D7}.Release|x86.ActiveCfg = Release|Any CPU
		{B4FDF986-20FF-469A-84FB-92D85AB957D7}.Release|x86.Build.0 = Release|Any CPU
	EndGlobalSection
	GlobalSection(SolutionProperties) = preSolution
		HideSolutionNode = FALSE
	EndGlobalSection
EndGlobal
